Microsoft Visual Studio Solution File, Format Version 12.00
# Visual Studio Version 17
VisualStudioVersion = 17.5.2.0
MinimumVisualStudioVersion = 10.0.40219.1
Project("{FAE04EC0-301F-11D3-BF4B-00C04F79EFBC}") = "latihan-api", "latihan-api.csproj", "{6332A1BF-EEE9-2378-0CB1-4D557F69F3C7}"
EndProject
Global
	GlobalSection(SolutionConfigurationPlatforms) = preSolution
		Debug|Any CPU = Debug|Any CPU
		Release|Any CPU = Release|Any CPU
	EndGlobalSection
	GlobalSection(ProjectConfigurationPlatforms) = postSolution
		{6332A1BF-EEE9-2378-0CB1-4D557F69F3C7}.Debug|Any CPU.ActiveCfg = Debug|Any CPU
		{6332A1BF-EEE9-2378-0CB1-4D557F69F3C7}.Debug|Any CPU.Build.0 = Debug|Any CPU
		{6332A1BF-EEE9-2378-0CB1-4D557F69F3C7}.Release|Any CPU.ActiveCfg = Release|Any CPU
		{6332A1BF-EEE9-2378-0CB1-4D557F69F3C7}.Release|Any CPU.Build.0 = Release|Any CPU
	EndGlobalSection
	GlobalSection(SolutionProperties) = preSolution
		HideSolutionNode = FALSE
	EndGlobalSection
	GlobalSection(ExtensibilityGlobals) = postSolution
		SolutionGuid = {AD92B6CF-4296-430B-A3E9-E74085EAE2BC}
	EndGlobalSection
EndGlobal
